// !$*UTF8*$!
{
	archiveVersion = 1;
	classes = {
	};
	objectVersion = 50;
	objects = {

/* Begin PBXBuildFile section */
		D4794DA926945CCF00E7360E /* AppDelegate.swift in Sources */ = {isa = PBXBuildFile; fileRef = D4794DA826945CCF00E7360E /* AppDelegate.swift */; };
		D4794DAB26945CCF00E7360E /* SceneDelegate.swift in Sources */ = {isa = PBXBuildFile; fileRef = D4794DAA26945CCF00E7360E /* SceneDelegate.swift */; };
		D4794DAD26945CCF00E7360E /* ViewController.swift in Sources */ = {isa = PBXBuildFile; fileRef = D4794DAC26945CCF00E7360E /* ViewController.swift */; };
		D4794DB026945CCF00E7360E /* Main.storyboard in Resources */ = {isa = PBXBuildFile; fileRef = D4794DAE26945CCF00E7360E /* Main.storyboard */; };
		D4794DB226945CD500E7360E /* Assets.xcassets in Resources */ = {isa = PBXBuildFile; fileRef = D4794DB126945CD500E7360E /* Assets.xcassets */; };
		D4794DB526945CD500E7360E /* LaunchScreen.storyboard in Resources */ = {isa = PBXBuildFile; fileRef = D4794DB326945CD500E7360E /* LaunchScreen.storyboard */; };
		D4794DBD26956B6C00E7360E /* FoodImageCollectionViewCell.swift in Sources */ = {isa = PBXBuildFile; fileRef = D4794DBC26956B6C00E7360E /* FoodImageCollectionViewCell.swift */; };
		D4794DBF26956EF900E7360E /* FoodishCollectionViewController.swift in Sources */ = {isa = PBXBuildFile; fileRef = D4794DBE26956EF900E7360E /* FoodishCollectionViewController.swift */; };
		D4794DC12695792700E7360E /* userInfoCollectionReusableView.swift in Sources */ = {isa = PBXBuildFile; fileRef = D4794DC02695792700E7360E /* userInfoCollectionReusableView.swift */; };
		D4794DC32695808F00E7360E /* Food.swift in Sources */ = {isa = PBXBuildFile; fileRef = D4794DC22695808F00E7360E /* Food.swift */; };
/* End PBXBuildFile section */

/* Begin PBXFileReference section */
		D4794DA526945CCF00E7360E /* foodlish-Ryan.app */ = {isa = PBXFileReference; explicitFileType = wrapper.application; includeInIndex = 0; path = "foodlish-Ryan.app"; sourceTree = BUILT_PRODUCTS_DIR; };
		D4794DA826945CCF00E7360E /* AppDelegate.swift */ = {isa = PBXFileReference; lastKnownFileType = sourcecode.swift; path = AppDelegate.swift; sourceTree = "<group>"; };
		D4794DAA26945CCF00E7360E /* SceneDelegate.swift */ = {isa = PBXFileReference; lastKnownFileType = sourcecode.swift; path = SceneDelegate.swift; sourceTree = "<group>"; };
		D4794DAC26945CCF00E7360E /* ViewController.swift */ = {isa = PBXFileReference; lastKnownFileType = sourcecode.swift; path = ViewController.swift; sourceTree = "<group>"; };
		D4794DAF26945CCF00E7360E /* Base */ = {isa = PBXFileReference; lastKnownFileType = file.storyboard; name = Base; path = Base.lproj/Main.storyboard; sourceTree = "<group>"; };
		D4794DB126945CD500E7360E /* Assets.xcassets */ = {isa = PBXFileReference; lastKnownFileType = folder.assetcatalog; path = Assets.xcassets; sourceTree = "<group>"; };
		D4794DB426945CD500E7360E /* Base */ = {isa = PBXFileReference; lastKnownFileType = file.storyboard; name = Base; path = Base.lproj/LaunchScreen.storyboard; sourceTree = "<group>"; };
		D4794DB626945CD500E7360E /* Info.plist */ = {isa = PBXFileReference; lastKnownFileType = text.plist.xml; path = Info.plist; sourceTree = "<group>"; };
		D4794DBC26956B6C00E7360E /* FoodImageCollectionViewCell.swift */ = {isa = PBXFileReference; lastKnownFileType = sourcecode.swift; path = FoodImageCollectionViewCell.swift; sourceTree = "<group>"; };
		D4794DBE26956EF900E7360E /* FoodishCollectionViewController.swift */ = {isa = PBXFileReference; lastKnownFileType = sourcecode.swift; path = FoodishCollectionViewController.swift; sourceTree = "<group>"; };
		D4794DC02695792700E7360E /* userInfoCollectionReusableView.swift */ = {isa = PBXFileReference; lastKnownFileType = sourcecode.swift; path = userInfoCollectionReusableView.swift; sourceTree = "<group>"; };
		D4794DC22695808F00E7360E /* Food.swift */ = {isa = PBXFileReference; lastKnownFileType = sourcecode.swift; path = Food.swift; sourceTree = "<group>"; };
/* End PBXFileReference section */

/* Begin PBXFrameworksBuildPhase section */
		D4794DA226945CCE00E7360E /* Frameworks */ = {
			isa = PBXFrameworksBuildPhase;
			buildActionMask = 2147483647;
			files = (
			);
			runOnlyForDeploymentPostprocessing = 0;
		};
/* End PBXFrameworksBuildPhase section */

/* Begin PBXGroup section */
		D4794D9C26945CCE00E7360E = {
			isa = PBXGroup;
			children = (
				D4794DA726945CCF00E7360E /* foodlish-Ryan */,
				D4794DA626945CCF00E7360E /* Products */,
			);
			sourceTree = "<group>";
		};
		D4794DA626945CCF00E7360E /* Products */ = {
			isa = PBXGroup;
			children = (
				D4794DA526945CCF00E7360E /* foodlish-Ryan.app */,
			);
			name = Products;
			sourceTree = "<group>";
		};
		D4794DA726945CCF00E7360E /* foodlish-Ryan */ = {
			isa = PBXGroup;
			children = (
				D4794DA826945CCF00E7360E /* AppDelegate.swift */,
				D4794DAA26945CCF00E7360E /* SceneDelegate.swift */,
				D4794DC5269580A600E7360E /* View Controller */,
				D4794DC6269580B500E7360E /* View */,
				D4794DC42695809800E7360E /* Model */,
				D4794DAE26945CCF00E7360E /* Main.storyboard */,
				D4794DB126945CD500E7360E /* Assets.xcassets */,
				D4794DB326945CD500E7360E /* LaunchScreen.storyboard */,
				D4794DB626945CD500E7360E /* Info.plist */,
			);
			path = "foodlish-Ryan";
			sourceTree = "<group>";
		};
		D4794DC42695809800E7360E /* Model */ = {
			isa = PBXGroup;
			children = (
				D4794DC22695808F00E7360E /* Food.swift */,
			);
			path = Model;
			sourceTree = "<group>";
		};
		D4794DC5269580A600E7360E /* View Controller */ = {
			isa = PBXGroup;
			children = (
				D4794DAC26945CCF00E7360E /* ViewController.swift */,
				D4794DBE26956EF900E7360E /* FoodishCollectionViewController.swift */,
			);
			path = "View Controller";
			sourceTree = "<group>";
		};
		D4794DC6269580B500E7360E /* View */ = {
			isa = PBXGroup;
			children = (
				D4794DC02695792700E7360E /* userInfoCollectionReusableView.swift */,
				D4794DBC26956B6C00E7360E /* FoodImageCollectionViewCell.swift */,
			);
			path = View;
			sourceTree = "<group>";
		};
/* End PBXGroup section */

/* Begin PBXNativeTarget section */
		D4794DA426945CCE00E7360E /* foodlish-Ryan */ = {
			isa = PBXNativeTarget;
			buildConfigurationList = D4794DB926945CD500E7360E /* Build configuration list for PBXNativeTarget "foodlish-Ryan" */;
			buildPhases = (
				D4794DA126945CCE00E7360E /* Sources */,
				D4794DA226945CCE00E7360E /* Frameworks */,
				D4794DA326945CCE00E7360E /* Resources */,
			);
			buildRules = (
			);
			dependencies = (
			);
			name = "foodlish-Ryan";
			productName = "foodlish-Ryan";
			productReference = D4794DA526945CCF00E7360E /* foodlish-Ryan.app */;
			productType = "com.apple.product-type.application";
		};
/* End PBXNativeTarget section */

/* Begin PBXProject section */
		D4794D9D26945CCE00E7360E /* Project object */ = {
			isa = PBXProject;
			attributes = {
				LastSwiftUpdateCheck = 1250;
				LastUpgradeCheck = 1250;
				TargetAttributes = {
					D4794DA426945CCE00E7360E = {
						CreatedOnToolsVersion = 12.5.1;
					};
				};
			};
			buildConfigurationList = D4794DA026945CCE00E7360E /* Build configuration list for PBXProject "foodlish-Ryan" */;
			compatibilityVersion = "Xcode 9.3";
			developmentRegion = en;
			hasScannedForEncodings = 0;
			knownRegions = (
				en,
				Base,
			);
			mainGroup = D4794D9C26945CCE00E7360E;
			productRefGroup = D4794DA626945CCF00E7360E /* Products */;
			projectDirPath = "";
			projectRoot = "";
			targets = (
				D4794DA426945CCE00E7360E /* foodlish-Ryan */,
			);
		};
/* End PBXProject section */

/* Begin PBXResourcesBuildPhase section */
		D4794DA326945CCE00E7360E /* Resources */ = {
			isa = PBXResourcesBuildPhase;
			buildActionMask = 2147483647;
			files = (
				D4794DB526945CD500E7360E /* LaunchScreen.storyboard in Resources */,
				D4794DB226945CD500E7360E /* Assets.xcassets in Resources */,
				D4794DB026945CCF00E7360E /* Main.storyboard in Resources */,
			);
			runOnlyForDeploymentPostprocessing = 0;
		};
/* End PBXResourcesBuildPhase section */

/* Begin PBXSourcesBuildPhase section */
		D4794DA126945CCE00E7360E /* Sources */ = {
			isa = PBXSourcesBuildPhase;
			buildActionMask = 2147483647;
			files = (
				D4794DC32695808F00E7360E /* Food.swift in Sources */,
				D4794DC12695792700E7360E /* userInfoCollectionReusableView.swift in Sources */,
				D4794DAD26945CCF00E7360E /* ViewController.swift in Sources */,
				D4794DA926945CCF00E7360E /* AppDelegate.swift in Sources */,
				D4794DBD26956B6C00E7360E /* FoodImageCollectionViewCell.swift in Sources */,
				D4794DBF26956EF900E7360E /* FoodishCollectionViewController.swift in Sources */,
				D4794DAB26945CCF00E7360E /* SceneDelegate.swift in Sources */,
			);
			runOnlyForDeploymentPostprocessing = 0;
		};
/* End PBXSourcesBuildPhase section */

/* Begin PBXVariantGroup section */
		D4794DAE26945CCF00E7360E /* Main.storyboard */ = {
			isa = PBXVariantGroup;
			children = (
				D4794DAF26945CCF00E7360E /* Base */,
			);
			name = Main.storyboard;
			sourceTree = "<group>";
		};
		D4794DB326945CD500E7360E /* LaunchScreen.storyboard */ = {
			isa = PBXVariantGroup;
			children = (
				D4794DB426945CD500E7360E /* Base */,
			);
			name = LaunchScreen.storyboard;
			sourceTree = "<group>";
		};
/* End PBXVariantGroup section */

/* Begin XCBuildConfiguration section */
		D4794DB726945CD500E7360E /* Debug */ = {
			isa = XCBuildConfiguration;
			buildSettings = {
				ALWAYS_SEARCH_USER_PATHS = NO;
				CLANG_ANALYZER_NONNULL = YES;
				CLANG_ANALYZER_NUMBER_OBJECT_CONVERSION = YES_AGGRESSIVE;
				CLANG_CXX_LANGUAGE_STANDARD = "gnu++14";
				CLANG_CXX_LIBRARY = "libc++";
				CLANG_ENABLE_MODULES = YES;
				CLANG_ENABLE_OBJC_ARC = YES;
				CLANG_ENABLE_OBJC_WEAK = YES;
				CLANG_WARN_BLOCK_CAPTURE_AUTORELEASING = YES;
				CLANG_WARN_BOOL_CONVERSION = YES;
				CLANG_WARN_COMMA = YES;
				CLANG_WARN_CONSTANT_CONVERSION = YES;
				CLANG_WARN_DEPRECATED_OBJC_IMPLEMENTATIONS = YES;
				CLANG_WARN_DIRECT_OBJC_ISA_USAGE = YES_ERROR;
				CLANG_WARN_DOCUMENTATION_COMMENTS = YES;
				CLANG_WARN_EMPTY_BODY = YES;
				CLANG_WARN_ENUM_CONVERSION = YES;
				CLANG_WARN_INFINITE_RECURSION = YES;
				CLANG_WARN_INT_CONVERSION = YES;
				CLANG_WARN_NON_LITERAL_NULL_CONVERSION = YES;
				CLANG_WARN_OBJC_IMPLICIT_RETAIN_SELF = YES;
				CLANG_WARN_OBJC_LITERAL_CONVERSION = YES;
				CLANG_WARN_OBJC_ROOT_CLASS = YES_ERROR;
				CLANG_WARN_QUOTED_INCLUDE_IN_FRAMEWORK_HEADER = YES;
				CLANG_WARN_RANGE_LOOP_ANALYSIS = YES;
				CLANG_WARN_STRICT_PROTOTYPES = YES;
				CLANG_WARN_SUSPICIOUS_MOVE = YES;
				CLANG_WARN_UNGUARDED_AVAILABILITY = YES_AGGRESSIVE;
				CLANG_WARN_UNREACHABLE_CODE = YES;
				CLANG_WARN__DUPLICATE_METHOD_MATCH = YES;
				COPY_PHASE_STRIP = NO;
				DEBUG_INFORMATION_FORMAT = dwarf;
				ENABLE_STRICT_OBJC_MSGSEND = YES;
				ENABLE_TESTABILITY = YES;
				GCC_C_LANGUAGE_STANDARD = gnu11;
				GCC_DYNAMIC_NO_PIC = NO;
				GCC_NO_COMMON_BLOCKS = YES;
				GCC_OPTIMIZATION_LEVEL = 0;
				GCC_PREPROCESSOR_DEFINITIONS = (
					"DEBUG=1",
					"$(inherited)",
				);
				GCC_WARN_64_TO_32_BIT_CONVERSION = YES;
				GCC_WARN_ABOUT_RETURN_TYPE = YES_ERROR;
				GCC_WARN_UNDECLARED_SELECTOR = YES;
				GCC_WARN_UNINITIALIZED_AUTOS = YES_AGGRESSIVE;
				GCC_WARN_UNUSED_FUNCTION = YES;
				GCC_WARN_UNUSED_VARIABLE = YES;
				IPHONEOS_DEPLOYMENT_TARGET = 14.5;
				MTL_ENABLE_DEBUG_INFO = INCLUDE_SOURCE;
				MTL_FAST_MATH = YES;
				ONLY_ACTIVE_ARCH = YES;
				SDKROOT = iphoneos;
				SWIFT_ACTIVE_COMPILATION_CONDITIONS = DEBUG;
				SWIFT_OPTIMIZATION_LEVEL = "-Onone";
			};
			name = Debug;
		};
		D4794DB826945CD500E7360E /* Release */ = {
			isa = XCBuildConfiguration;
			buildSettings = {
				ALWAYS_SEARCH_USER_PATHS = NO;
				CLANG_ANALYZER_NONNULL = YES;
				CLANG_ANALYZER_NUMBER_OBJECT_CONVERSION = YES_AGGRESSIVE;
				CLANG_CXX_LANGUAGE_STANDARD = "gnu++14";
				CLANG_CXX_LIBRARY = "libc++";
				CLANG_ENABLE_MODULES = YES;
				CLANG_ENABLE_OBJC_ARC = YES;
				CLANG_ENABLE_OBJC_WEAK = YES;
				CLANG_WARN_BLOCK_CAPTURE_AUTORELEASING = YES;
				CLANG_WARN_BOOL_CONVERSION = YES;
				CLANG_WARN_COMMA = YES;
				CLANG_WARN_CONSTANT_CONVERSION = YES;
				CLANG_WARN_DEPRECATED_OBJC_IMPLEMENTATIONS = YES;
				CLANG_WARN_DIRECT_OBJC_ISA_USAGE = YES_ERROR;
				CLANG_WARN_DOCUMENTATION_COMMENTS = YES;
				CLANG_WARN_EMPTY_BODY = YES;
				CLANG_WARN_ENUM_CONVERSION = YES;
				CLANG_WARN_INFINITE_RECURSION = YES;
				CLANG_WARN_INT_CONVERSION = YES;
				CLANG_WARN_NON_LITERAL_NULL_CONVERSION = YES;
				CLANG_WARN_OBJC_IMPLICIT_RETAIN_SELF = YES;
				CLANG_WARN_OBJC_LITERAL_CONVERSION = YES;
				CLANG_WARN_OBJC_ROOT_CLASS = YES_ERROR;
				CLANG_WARN_QUOTED_INCLUDE_IN_FRAMEWORK_HEADER = YES;
				CLANG_WARN_RANGE_LOOP_ANALYSIS = YES;
				CLANG_WARN_STRICT_PROTOTYPES = YES;
				CLANG_WARN_SUSPICIOUS_MOVE = YES;
				CLANG_WARN_UNGUARDED_AVAILABILITY = YES_AGGRESSIVE;
				CLANG_WARN_UNREACHABLE_CODE = YES;
				CLANG_WARN__DUPLICATE_METHOD_MATCH = YES;
				COPY_PHASE_STRIP = NO;
				DEBUG_INFORMATION_FORMAT = "dwarf-with-dsym";
				ENABLE_NS_ASSERTIONS = NO;
				ENABLE_STRICT_OBJC_MSGSEND = YES;
				GCC_C_LANGUAGE_STANDARD = gnu11;
				GCC_NO_COMMON_BLOCKS = YES;
				GCC_WARN_64_TO_32_BIT_CONVERSION = YES;
				GCC_WARN_ABOUT_RETURN_TYPE = YES_ERROR;
				GCC_WARN_UNDECLARED_SELECTOR = YES;
				GCC_WARN_UNINITIALIZED_AUTOS = YES_AGGRESSIVE;
				GCC_WARN_UNUSED_FUNCTION = YES;
				GCC_WARN_UNUSED_VARIABLE = YES;
				IPHONEOS_DEPLOYMENT_TARGET = 14.5;
				MTL_ENABLE_DEBUG_INFO = NO;
				MTL_FAST_MATH = YES;
				SDKROOT = iphoneos;
				SWIFT_COMPILATION_MODE = wholemodule;
				SWIFT_OPTIMIZATION_LEVEL = "-O";
				VALIDATE_PRODUCT = YES;
			};
			name = Release;
		};
		D4794DBA26945CD500E7360E /* Debug */ = {
			isa = XCBuildConfiguration;
			buildSettings = {
				ASSETCATALOG_COMPILER_APPICON_NAME = AppIcon;
				ASSETCATALOG_COMPILER_GLOBAL_ACCENT_COLOR_NAME = AccentColor;
				CODE_SIGN_STYLE = Automatic;
				DEVELOPMENT_TEAM = L4F43KC7RQ;
				INFOPLIST_FILE = "foodlish-Ryan/Info.plist";
				LD_RUNPATH_SEARCH_PATHS = (
					"$(inherited)",
					"@executable_path/Frameworks",
				);
				PRODUCT_BUNDLE_IDENTIFIER = "ryan-chang.foodlish-Ryan";
				PRODUCT_NAME = "$(TARGET_NAME)";
				SWIFT_VERSION = 5.0;
				TARGETED_DEVICE_FAMILY = "1,2";
			};
			name = Debug;
		};
		D4794DBB26945CD500E7360E /* Release */ = {
			isa = XCBuildConfiguration;
			buildSettings = {
				ASSETCATALOG_COMPILER_APPICON_NAME = AppIcon;
				ASSETCATALOG_COMPILER_GLOBAL_ACCENT_COLOR_NAME = AccentColor;
				CODE_SIGN_STYLE = Automatic;
				DEVELOPMENT_TEAM = L4F43KC7RQ;
				INFOPLIST_FILE = "foodlish-Ryan/Info.plist";
				LD_RUNPATH_SEARCH_PATHS = (
					"$(inherited)",
					"@executable_path/Frameworks",
				);
				PRODUCT_BUNDLE_IDENTIFIER = "ryan-chang.foodlish-Ryan";
				PRODUCT_NAME = "$(TARGET_NAME)";
				SWIFT_VERSION = 5.0;
				TARGETED_DEVICE_FAMILY = "1,2";
			};
			name = Release;
		};
/* End XCBuildConfiguration section */

/* Begin XCConfigurationList section */
		D4794DA026945CCE00E7360E /* Build configuration list for PBXProject "foodlish-Ryan" */ = {
			isa = XCConfigurationList;
			buildConfigurations = (
				D4794DB726945CD500E7360E /* Debug */,
				D4794DB826945CD500E7360E /* Release */,
			);
			defaultConfigurationIsVisible = 0;
			defaultConfigurationName = Release;
		};
		D4794DB926945CD500E7360E /* Build configuration list for PBXNativeTarget "foodlish-Ryan" */ = {
			isa = XCConfigurationList;
			buildConfigurations = (
				D4794DBA26945CD500E7360E /* Debug */,
				D4794DBB26945CD500E7360E /* Release */,
			);
			defaultConfigurationIsVisible = 0;
			defaultConfigurationName = Release;
		};
/* End XCConfigurationList section */
	};
	rootObject = D4794D9D26945CCE00E7360E /* Project object */;
}
